{
  "name": "shop-timecard-api",
  "version": "1.0.0",
  "lockfileVersion": 3,
  "requires": true,
  "packages": {
    "": {
      "name": "shop-timecard-api",
      "version": "1.0.0",
      "dependencies": {
        "@azure/functions": "^4.6.0",
        "shop-timecard": "file:.."
      }
    },
    "..": {
      "name": "shop-timecard",
      "version": "0.1.0",
      "dependencies": {
        "@radix-ui/react-alert-dialog": "^1.1.15",
        "@radix-ui/react-collapsible": "^1.1.12",
        "@radix-ui/react-label": "^2.1.7",
        "@radix-ui/react-popover": "^1.1.15",
        "@radix-ui/react-select": "^2.2.6",
        "@radix-ui/react-slot": "^1.2.3",
        "@tanstack/react-query": "^5.87.1",
        "class-variance-authority": "^0.7.1",
        "clsx": "^2.1.1",
        "date-fns": "^4.1.0",
        "lucide-react": "^0.543.0",
        "react": "^19.1.1",
        "react-day-picker": "^9.9.0",
        "react-dom": "^19.1.1",
        "react-router-dom": "^7.8.2",
        "sonner": "^2.0.7",
        "tailwind-merge": "^3.3.1"
      },
      "devDependencies": {
        "@tailwindcss/vite": "^4.1.13",
        "@types/node": "^24.3.0",
        "@types/react": "^19.1.10",
        "@types/react-dom": "^19.1.7",
        "@vitejs/plugin-react": "^5.0.0",
        "concurrently": "^9.2.1",
        "tailwindcss": "^4.1.13",
        "tw-animate-css": "^1.3.8",
        "typescript": "5.9",
        "vite": "7.3.2"
      }
    },
    "node_modules/@azure/functions": {
      "version": "4.16.5",
      "resolved": "https://registry.npmjs.org/@azure/functions/-/functions-4.16.5.tgz",
      "integrity": "sha512-h0lVUeI/Q36SyE2xGQOXZqBbmSgQHNLk8pvMxhq3Dw1TaT3eGWs2X25dceGJ153aXXkjcTEdkxg3D2Gcz1uJ0w==",
      "license": "MIT",
      "dependencies": {
        "@azure/functions-extensions-base": "0.3.0",
        "cookie": "^0.7.0"
      },
      "engines": {
        "node": ">=20.0"
      }
    },
    "node_modules/@azure/functions-extensions-base": {
      "version": "0.3.0",
      "resolved": "https://registry.npmjs.org/@azure/functions-extensions-base/-/functions-extensions-base-0.3.0.tgz",
      "integrity": "sha512-Cux0hLu5ZXlC/Kb+yvJVhRLIdkfFwui2HeT5oGZL00r/GCUUkhGTzRfZUjRN4Bq729mPv3okPucz2z7SMQLStA==",
      "license": "MIT",
      "engines": {
        "node": ">=18.0"
      }
    },
    "node_modules/cookie": {
      "version": "0.7.2",
      "resolved": "https://registry.npmjs.org/cookie/-/cookie-0.7.2.tgz",
      "integrity": "sha512-yki5XnKuf750l50uGTllt6kKILY4nQ1eNIQatoXEByZ5dWgnKqbnqmTrBE5B4N7lrMJKQ2ytWMiTO2o0v6Ew/w==",
      "license": "MIT",
      "engines": {
        "node": ">= 0.6"
      }
    },
    "node_modules/shop-timecard": {
      "resolved": "..",
      "link": true
    }
  }
}
